// !$*UTF8*$!
{
	archiveVersion = 1;
	classes = {
	};
	objectVersion = 50;
	objects = {

/* Begin PBXBuildFile section */
		50F464B020EBC0ED006A815F /* AppDelegate.swift in Sources */ = {isa = PBXBuildFile; fileRef = 50F464AF20EBC0ED006A815F /* AppDelegate.swift */; };
		50F464B520EBC0ED006A815F /* Main.storyboard in Resources */ = {isa = PBXBuildFile; fileRef = 50F464B320EBC0ED006A815F /* Main.storyboard */; };
		50F464B820EBC0ED006A815F /* NewUI.xcdatamodeld in Sources */ = {isa = PBXBuildFile; fileRef = 50F464B620EBC0ED006A815F /* NewUI.xcdatamodeld */; };
		50F464BA20EBC0EE006A815F /* Assets.xcassets in Resources */ = {isa = PBXBuildFile; fileRef = 50F464B920EBC0EE006A815F /* Assets.xcassets */; };
		50F464BD20EBC0EE006A815F /* LaunchScreen.storyboard in Resources */ = {isa = PBXBuildFile; fileRef = 50F464BB20EBC0EE006A815F /* LaunchScreen.storyboard */; };
		50F464C520EBC541006A815F /* AddPhotoViewController.swift in Sources */ = {isa = PBXBuildFile; fileRef = 50F464C420EBC541006A815F /* AddPhotoViewController.swift */; };
		50F464C720EBD740006A815F /* PhotoTableViewController.swift in Sources */ = {isa = PBXBuildFile; fileRef = 50F464C620EBD740006A815F /* PhotoTableViewController.swift */; };
		50F464CB20ED6C51006A815F /* PhotoDetailViewController.swift in Sources */ = {isa = PBXBuildFile; fileRef = 50F464CA20ED6C51006A815F /* PhotoDetailViewController.swift */; };
/* End PBXBuildFile section */

/* Begin PBXFileReference section */
		50F464AC20EBC0ED006A815F /* NewUI.app */ = {isa = PBXFileReference; explicitFileType = wrapper.application; includeInIndex = 0; path = NewUI.app; sourceTree = BUILT_PRODUCTS_DIR; };
		50F464AF20EBC0ED006A815F /* AppDelegate.swift */ = {isa = PBXFileReference; lastKnownFileType = sourcecode.swift; path = AppDelegate.swift; sourceTree = "<group>"; };
		50F464B420EBC0ED006A815F /* Base */ = {isa = PBXFileReference; lastKnownFileType = file.storyboard; name = Base; path = Base.lproj/Main.storyboard; sourceTree = "<group>"; };
		50F464B720EBC0ED006A815F /* NewUI.xcdatamodel */ = {isa = PBXFileReference; lastKnownFileType = wrapper.xcdatamodel; path = NewUI.xcdatamodel; sourceTree = "<group>"; };
		50F464B920EBC0EE006A815F /* Assets.xcassets */ = {isa = PBXFileReference; lastKnownFileType = folder.assetcatalog; path = Assets.xcassets; sourceTree = "<group>"; };
		50F464BC20EBC0EE006A815F /* Base */ = {isa = PBXFileReference; lastKnownFileType = file.storyboard; name = Base; path = Base.lproj/LaunchScreen.storyboard; sourceTree = "<group>"; };
		50F464BE20EBC0EE006A815F /* Info.plist */ = {isa = PBXFileReference; lastKnownFileType = text.plist.xml; path = Info.plist; sourceTree = "<group>"; };
		50F464C420EBC541006A815F /* AddPhotoViewController.swift */ = {isa = PBXFileReference; lastKnownFileType = sourcecode.swift; path = AddPhotoViewController.swift; sourceTree = "<group>"; };
		50F464C620EBD740006A815F /* PhotoTableViewController.swift */ = {isa = PBXFileReference; lastKnownFileType = sourcecode.swift; path = PhotoTableViewController.swift; sourceTree = "<group>"; };
		50F464CA20ED6C51006A815F /* PhotoDetailViewController.swift */ = {isa = PBXFileReference; lastKnownFileType = sourcecode.swift; path = PhotoDetailViewController.swift; sourceTree = "<group>"; };
/* End PBXFileReference section */

/* Begin PBXFrameworksBuildPhase section */
		50F464A920EBC0ED006A815F /* Frameworks */ = {
			isa = PBXFrameworksBuildPhase;
			buildActionMask = 2147483647;
			files = (
			);
			runOnlyForDeploymentPostprocessing = 0;
		};
/* End PBXFrameworksBuildPhase section */

/* Begin PBXGroup section */
		50F464A320EBC0ED006A815F = {
			isa = PBXGroup;
			children = (
				50F464AE20EBC0ED006A815F /* NewUI */,
				50F464AD20EBC0ED006A815F /* Products */,
			);
			sourceTree = "<group>";
		};
		50F464AD20EBC0ED006A815F /* Products */ = {
			isa = PBXGroup;
			children = (
				50F464AC20EBC0ED006A815F /* NewUI.app */,
			);
			name = Products;
			sourceTree = "<group>";
		};
		50F464AE20EBC0ED006A815F /* NewUI */ = {
			isa = PBXGroup;
			children = (
				50F464CA20ED6C51006A815F /* PhotoDetailViewController.swift */,
				50F464AF20EBC0ED006A815F /* AppDelegate.swift */,
				50F464B320EBC0ED006A815F /* Main.storyboard */,
				50F464C620EBD740006A815F /* PhotoTableViewController.swift */,
				50F464C420EBC541006A815F /* AddPhotoViewController.swift */,
				50F464B920EBC0EE006A815F /* Assets.xcassets */,
				50F464BB20EBC0EE006A815F /* LaunchScreen.storyboard */,
				50F464BE20EBC0EE006A815F /* Info.plist */,
				50F464B620EBC0ED006A815F /* NewUI.xcdatamodeld */,
			);
			path = NewUI;
			sourceTree = "<group>";
		};
/* End PBXGroup section */

/* Begin PBXNativeTarget section */
		50F464AB20EBC0ED006A815F /* NewUI */ = {
			isa = PBXNativeTarget;
			buildConfigurationList = 50F464C120EBC0EE006A815F /* Build configuration list for PBXNativeTarget "NewUI" */;
			buildPhases = (
				50F464A820EBC0ED006A815F /* Sources */,
				50F464A920EBC0ED006A815F /* Frameworks */,
				50F464AA20EBC0ED006A815F /* Resources */,
			);
			buildRules = (
			);
			dependencies = (
			);
			name = NewUI;
			productName = NewUI;
			productReference = 50F464AC20EBC0ED006A815F /* NewUI.app */;
			productType = "com.apple.product-type.application";
		};
/* End PBXNativeTarget section */

/* Begin PBXProject section */
		50F464A420EBC0ED006A815F /* Project object */ = {
			isa = PBXProject;
			attributes = {
				LastSwiftUpdateCheck = 0940;
				LastUpgradeCheck = 0940;
				ORGANIZATIONNAME = "Amy Holt";
				TargetAttributes = {
					50F464AB20EBC0ED006A815F = {
						CreatedOnToolsVersion = 9.4.1;
					};
				};
			};
			buildConfigurationList = 50F464A720EBC0ED006A815F /* Build configuration list for PBXProject "NewUI" */;
			compatibilityVersion = "Xcode 9.3";
			developmentRegion = en;
			hasScannedForEncodings = 0;
			knownRegions = (
				en,
				Base,
			);
			mainGroup = 50F464A320EBC0ED006A815F;
			productRefGroup = 50F464AD20EBC0ED006A815F /* Products */;
			projectDirPath = "";
			projectRoot = "";
			targets = (
				50F464AB20EBC0ED006A815F /* NewUI */,
			);
		};
/* End PBXProject section */

/* Begin PBXResourcesBuildPhase section */
		50F464AA20EBC0ED006A815F /* Resources */ = {
			isa = PBXResourcesBuildPhase;
			buildActionMask = 2147483647;
			files = (
				50F464BD20EBC0EE006A815F /* LaunchScreen.storyboard in Resources */,
				50F464BA20EBC0EE006A815F /* Assets.xcassets in Resources */,
				50F464B520EBC0ED006A815F /* Main.storyboard in Resources */,
			);
			runOnlyForDeploymentPostprocessing = 0;
		};
/* End PBXResourcesBuildPhase section */

/* Begin PBXSourcesBuildPhase section */
		50F464A820EBC0ED006A815F /* Sources */ = {
			isa = PBXSourcesBuildPhase;
			buildActionMask = 2147483647;
			files = (
				50F464B020EBC0ED006A815F /* AppDelegate.swift in Sources */,
				50F464C520EBC541006A815F /* AddPhotoViewController.swift in Sources */,
				50F464C720EBD740006A815F /* PhotoTableViewController.swift in Sources */,
				50F464CB20ED6C51006A815F /* PhotoDetailViewController.swift in Sources */,
				50F464B820EBC0ED006A815F /* NewUI.xcdatamodeld in Sources */,
			);
			runOnlyForDeploymentPostprocessing = 0;
		};
/* End PBXSourcesBuildPhase section */

/* Begin PBXVariantGroup section */
		50F464B320EBC0ED006A815F /* Main.storyboard */ = {
			isa = PBXVariantGroup;
			children = (
				50F464B420EBC0ED006A815F /* Base */,
			);
			name = Main.storyboard;
			sourceTree = "<group>";
		};
		50F464BB20EBC0EE006A815F /* LaunchScreen.storyboard */ = {
			isa = PBXVariantGroup;
			children = (
				50F464BC20EBC0EE006A815F /* Base */,
			);
			name = LaunchScreen.storyboard;
			sourceTree = "<group>";
		};
/* End PBXVariantGroup section */

/* Begin XCBuildConfiguration section */
		50F464BF20EBC0EE006A815F /* Debug */ = {
			isa = XCBuildConfiguration;
			buildSettings = {
				ALWAYS_SEARCH_USER_PATHS = NO;
				CLANG_ANALYZER_NONNULL = YES;
				CLANG_ANALYZER_NUMBER_OBJECT_CONVERSION = YES_AGGRESSIVE;
				CLANG_CXX_LANGUAGE_STANDARD = "gnu++14";
				CLANG_CXX_LIBRARY = "libc++";
				CLANG_ENABLE_MODULES = YES;
				CLANG_ENABLE_OBJC_ARC = YES;
				CLANG_ENABLE_OBJC_WEAK = YES;
				CLANG_WARN_BLOCK_CAPTURE_AUTORELEASING = YES;
				CLANG_WARN_BOOL_CONVERSION = YES;
				CLANG_WARN_COMMA = YES;
				CLANG_WARN_CONSTANT_CONVERSION = YES;
				CLANG_WARN_DEPRECATED_OBJC_IMPLEMENTATIONS = YES;
				CLANG_WARN_DIRECT_OBJC_ISA_USAGE = YES_ERROR;
				CLANG_WARN_DOCUMENTATION_COMMENTS = YES;
				CLANG_WARN_EMPTY_BODY = YES;
				CLANG_WARN_ENUM_CONVERSION = YES;
				CLANG_WARN_INFINITE_RECURSION = YES;
				CLANG_WARN_INT_CONVERSION = YES;
				CLANG_WARN_NON_LITERAL_NULL_CONVERSION = YES;
				CLANG_WARN_OBJC_IMPLICIT_RETAIN_SELF = YES;
				CLANG_WARN_OBJC_LITERAL_CONVERSION = YES;
				CLANG_WARN_OBJC_ROOT_CLASS = YES_ERROR;
				CLANG_WARN_RANGE_LOOP_ANALYSIS = YES;
				CLANG_WARN_STRICT_PROTOTYPES = YES;
				CLANG_WARN_SUSPICIOUS_MOVE = YES;
				CLANG_WARN_UNGUARDED_AVAILABILITY = YES_AGGRESSIVE;
				CLANG_WARN_UNREACHABLE_CODE = YES;
				CLANG_WARN__DUPLICATE_METHOD_MATCH = YES;
				CODE_SIGN_IDENTITY = "iPhone Developer";
				COPY_PHASE_STRIP = NO;
				DEBUG_INFORMATION_FORMAT = dwarf;
				ENABLE_STRICT_OBJC_MSGSEND = YES;
				ENABLE_TESTABILITY = YES;
				GCC_C_LANGUAGE_STANDARD = gnu11;
				GCC_DYNAMIC_NO_PIC = NO;
				GCC_NO_COMMON_BLOCKS = YES;
				GCC_OPTIMIZATION_LEVEL = 0;
				GCC_PREPROCESSOR_DEFINITIONS = (
					"DEBUG=1",
					"$(inherited)",
				);
				GCC_WARN_64_TO_32_BIT_CONVERSION = YES;
				GCC_WARN_ABOUT_RETURN_TYPE = YES_ERROR;
				GCC_WARN_UNDECLARED_SELECTOR = YES;
				GCC_WARN_UNINITIALIZED_AUTOS = YES_AGGRESSIVE;
				GCC_WARN_UNUSED_FUNCTION = YES;
				GCC_WARN_UNUSED_VARIABLE = YES;
				IPHONEOS_DEPLOYMENT_TARGET = 11.4;
				MTL_ENABLE_DEBUG_INFO = YES;
				ONLY_ACTIVE_ARCH = YES;
				SDKROOT = iphoneos;
				SWIFT_ACTIVE_COMPILATION_CONDITIONS = DEBUG;
				SWIFT_OPTIMIZATION_LEVEL = "-Onone";
			};
			name = Debug;
		};
		50F464C020EBC0EE006A815F /* Release */ = {
			isa = XCBuildConfiguration;
			buildSettings = {
				ALWAYS_SEARCH_USER_PATHS = NO;
				CLANG_ANALYZER_NONNULL = YES;
				CLANG_ANALYZER_NUMBER_OBJECT_CONVERSION = YES_AGGRESSIVE;
				CLANG_CXX_LANGUAGE_STANDARD = "gnu++14";
				CLANG_CXX_LIBRARY = "libc++";
				CLANG_ENABLE_MODULES = YES;
				CLANG_ENABLE_OBJC_ARC = YES;
				CLANG_ENABLE_OBJC_WEAK = YES;
				CLANG_WARN_BLOCK_CAPTURE_AUTORELEASING = YES;
				CLANG_WARN_BOOL_CONVERSION = YES;
				CLANG_WARN_COMMA = YES;
				CLANG_WARN_CONSTANT_CONVERSION = YES;
				CLANG_WARN_DEPRECATED_OBJC_IMPLEMENTATIONS = YES;
				CLANG_WARN_DIRECT_OBJC_ISA_USAGE = YES_ERROR;
				CLANG_WARN_DOCUMENTATION_COMMENTS = YES;
				CLANG_WARN_EMPTY_BODY = YES;
				CLANG_WARN_ENUM_CONVERSION = YES;
				CLANG_WARN_INFINITE_RECURSION = YES;
				CLANG_WARN_INT_CONVERSION = YES;
				CLANG_WARN_NON_LITERAL_NULL_CONVERSION = YES;
				CLANG_WARN_OBJC_IMPLICIT_RETAIN_SELF = YES;
				CLANG_WARN_OBJC_LITERAL_CONVERSION = YES;
				CLANG_WARN_OBJC_ROOT_CLASS = YES_ERROR;
				CLANG_WARN_RANGE_LOOP_ANALYSIS = YES;
				CLANG_WARN_STRICT_PROTOTYPES = YES;
				CLANG_WARN_SUSPICIOUS_MOVE = YES;
				CLANG_WARN_UNGUARDED_AVAILABILITY = YES_AGGRESSIVE;
				CLANG_WARN_UNREACHABLE_CODE = YES;
				CLANG_WARN__DUPLICATE_METHOD_MATCH = YES;
				CODE_SIGN_IDENTITY = "iPhone Developer";
				COPY_PHASE_STRIP = NO;
				DEBUG_INFORMATION_FORMAT = "dwarf-with-dsym";
				ENABLE_NS_ASSERTIONS = NO;
				ENABLE_STRICT_OBJC_MSGSEND = YES;
				GCC_C_LANGUAGE_STANDARD = gnu11;
				GCC_NO_COMMON_BLOCKS = YES;
				GCC_WARN_64_TO_32_BIT_CONVERSION = YES;
				GCC_WARN_ABOUT_RETURN_TYPE = YES_ERROR;
				GCC_WARN_UNDECLARED_SELECTOR = YES;
				GCC_WARN_UNINITIALIZED_AUTOS = YES_AGGRESSIVE;
				GCC_WARN_UNUSED_FUNCTION = YES;
				GCC_WARN_UNUSED_VARIABLE = YES;
				IPHONEOS_DEPLOYMENT_TARGET = 11.4;
				MTL_ENABLE_DEBUG_INFO = NO;
				SDKROOT = iphoneos;
				SWIFT_COMPILATION_MODE = wholemodule;
				SWIFT_OPTIMIZATION_LEVEL = "-O";
				VALIDATE_PRODUCT = YES;
			};
			name = Release;
		};
		50F464C220EBC0EE006A815F /* Debug */ = {
			isa = XCBuildConfiguration;
			buildSettings = {
				ASSETCATALOG_COMPILER_APPICON_NAME = AppIcon;
				CODE_SIGN_STYLE = Automatic;
				DEVELOPMENT_TEAM = 6Y843UY4KG;
				INFOPLIST_FILE = NewUI/Info.plist;
				LD_RUNPATH_SEARCH_PATHS = (
					"$(inherited)",
					"@executable_path/Frameworks",
				);
				PRODUCT_BUNDLE_IDENTIFIER = com.holt.NewUI;
				PRODUCT_NAME = "$(TARGET_NAME)";
				SWIFT_VERSION = 4.0;
				TARGETED_DEVICE_FAMILY = "1,2";
			};
			name = Debug;
		};
		50F464C320EBC0EE006A815F /* Release */ = {
			isa = XCBuildConfiguration;
			buildSettings = {
				ASSETCATALOG_COMPILER_APPICON_NAME = AppIcon;
				CODE_SIGN_STYLE = Automatic;
				DEVELOPMENT_TEAM = 6Y843UY4KG;
				INFOPLIST_FILE = NewUI/Info.plist;
				LD_RUNPATH_SEARCH_PATHS = (
					"$(inherited)",
					"@executable_path/Frameworks",
				);
				PRODUCT_BUNDLE_IDENTIFIER = com.holt.NewUI;
				PRODUCT_NAME = "$(TARGET_NAME)";
				SWIFT_VERSION = 4.0;
				TARGETED_DEVICE_FAMILY = "1,2";
			};
			name = Release;
		};
/* End XCBuildConfiguration section */

/* Begin XCConfigurationList section */
		50F464A720EBC0ED006A815F /* Build configuration list for PBXProject "NewUI" */ = {
			isa = XCConfigurationList;
			buildConfigurations = (
				50F464BF20EBC0EE006A815F /* Debug */,
				50F464C020EBC0EE006A815F /* Release */,
			);
			defaultConfigurationIsVisible = 0;
			defaultConfigurationName = Release;
		};
		50F464C120EBC0EE006A815F /* Build configuration list for PBXNativeTarget "NewUI" */ = {
			isa = XCConfigurationList;
			buildConfigurations = (
				50F464C220EBC0EE006A815F /* Debug */,
				50F464C320EBC0EE006A815F /* Release */,
			);
			defaultConfigurationIsVisible = 0;
			defaultConfigurationName = Release;
		};
/* End XCConfigurationList section */

/* Begin XCVersionGroup section */
		50F464B620EBC0ED006A815F /* NewUI.xcdatamodeld */ = {
			isa = XCVersionGroup;
			children = (
				50F464B720EBC0ED006A815F /* NewUI.xcdatamodel */,
			);
			currentVersion = 50F464B720EBC0ED006A815F /* NewUI.xcdatamodel */;
			path = NewUI.xcdatamodeld;
			sourceTree = "<group>";
			versionGroupType = wrapper.xcdatamodel;
		};
/* End XCVersionGroup section */
	};
	rootObject = 50F464A420EBC0ED006A815F /* Project object */;
}
